
Microsoft Visual Studio Solution File, Format Version 12.00
# Visual Studio Version 17
VisualStudioVersion = 17.14.36930.0
MinimumVisualStudioVersion = 10.0.40219.1
Project("{FAE04EC0-301F-11D3-BF4B-00C04F79EFBC}") = "TheDungeon", "TheDungeon.csproj", "{7261F5BB-60A0-4969-94F1-3F4F8C61DA53}"
EndProject
Project("{2150E333-8FDC-42A3-9474-1A3956D46DE8}") = "Scripts", "Scripts", "{C4AD9936-F0DF-1090-6077-3D4A6324E662}"
EndProject
Project("{FAE04EC0-301F-11D3-BF4B-00C04F79EFBC}") = "TheDungeon.Core", "Scripts\0.Core\TheDungeon.Core.csproj", "{233E93EB-DF5E-405C-8156-4111EE1C55E1}"
EndProject
Project("{FAE04EC0-301F-11D3-BF4B-00C04F79EFBC}") = "TheDungeon.State", "Scripts\2.State\TheDungeon.State.csproj", "{F468D2F1-9C9C-4048-B514-C8987BE66141}"
EndProject
Project("{FAE04EC0-301F-11D3-BF4B-00C04F79EFBC}") = "TheDungeon.Game.Contracts", "Scripts\3.Game.Contracts\TheDungeon.Game.Contracts.csproj", "{F6544B95-87D6-49E4-85DA-51EA3D595F86}"
EndProject
Project("{FAE04EC0-301F-11D3-BF4B-00C04F79EFBC}") = "TheDungeon.Game", "Scripts\3.Game\TheDungeon.Game.csproj", "{CC0917BE-6C5A-491F-8A18-0DEB6AD66D88}"
EndProject
Project("{FAE04EC0-301F-11D3-BF4B-00C04F79EFBC}") = "TheDungeon.UI", "Scripts\4.UI\TheDungeon.UI.csproj", "{0795CED4-6652-4512-A96C-D547E862AF9D}"
EndProject
Project("{2150E333-8FDC-42A3-9474-1A3956D46DE8}") = "0.Core", "0.Core", "{02EA681E-C7D8-13C7-8484-4AC65E1B71E8}"
EndProject
Project("{2150E333-8FDC-42A3-9474-1A3956D46DE8}") = "4.UI", "4.UI", "{5F4E5EFA-7CF9-4EBD-8C5E-F1558CF6966F}"
EndProject
Project("{2150E333-8FDC-42A3-9474-1A3956D46DE8}") = "3.Game", "3.Game", "{E1FF77BA-849C-4E93-BBC9-9DC977D7055A}"
EndProject
Project("{2150E333-8FDC-42A3-9474-1A3956D46DE8}") = "2.State", "2.State", "{9CE9E7FA-E6A0-492B-90FC-4298BBC61152}"
EndProject
Global
	GlobalSection(SolutionConfigurationPlatforms) = preSolution
		Debug|Any CPU = Debug|Any CPU
		Debug|x64 = Debug|x64
		Debug|x86 = Debug|x86
		ExportDebug|Any CPU = ExportDebug|Any CPU
		ExportDebug|x64 = ExportDebug|x64
		ExportDebug|x86 = ExportDebug|x86
		ExportRelease|Any CPU = ExportRelease|Any CPU
		ExportRelease|x64 = ExportRelease|x64
		ExportRelease|x86 = ExportRelease|x86
		Release|Any CPU = Release|Any CPU
		Release|x64 = Release|x64
		Release|x86 = Release|x86
	EndGlobalSection
	GlobalSection(ProjectConfigurationPlatforms) = postSolution
		{7261F5BB-60A0-4969-94F1-3F4F8C61DA53}.Debug|Any CPU.ActiveCfg = Debug|Any CPU
		{7261F5BB-60A0-4969-94F1-3F4F8C61DA53}.Debug|Any CPU.Build.0 = Debug|Any CPU
		{7261F5BB-60A0-4969-94F1-3F4F8C61DA53}.Debug|x64.ActiveCfg = Debug|Any CPU
		{7261F5BB-60A0-4969-94F1-3F4F8C61DA53}.Debug|x64.Build.0 = Debug|Any CPU
		{7261F5BB-60A0-4969-94F1-3F4F8C61DA53}.Debug|x86.ActiveCfg = Debug|Any CPU
		{7261F5BB-60A0-4969-94F1-3F4F8C61DA53}.Debug|x86.Build.0 = Debug|Any CPU
		{7261F5BB-60A0-4969-94F1-3F4F8C61DA53}.ExportDebug|Any CPU.ActiveCfg = ExportDebug|Any CPU
		{7261F5BB-60A0-4969-94F1-3F4F8C61DA53}.ExportDebug|Any CPU.Build.0 = ExportDebug|Any CPU
		{7261F5BB-60A0-4969-94F1-3F4F8C61DA53}.ExportDebug|x64.ActiveCfg = ExportDebug|Any CPU
		{7261F5BB-60A0-4969-94F1-3F4F8C61DA53}.ExportDebug|x64.Build.0 = ExportDebug|Any CPU
		{7261F5BB-60A0-4969-94F1-3F4F8C61DA53}.ExportDebug|x86.ActiveCfg = ExportDebug|Any CPU
		{7261F5BB-60A0-4969-94F1-3F4F8C61DA53}.ExportDebug|x86.Build.0 = ExportDebug|Any CPU
		{7261F5BB-60A0-4969-94F1-3F4F8C61DA53}.ExportRelease|Any CPU.ActiveCfg = ExportRelease|Any CPU
		{7261F5BB-60A0-4969-94F1-3F4F8C61DA53}.ExportRelease|Any CPU.Build.0 = ExportRelease|Any CPU
		{7261F5BB-60A0-4969-94F1-3F4F8C61DA53}.ExportRelease|x64.ActiveCfg = ExportRelease|Any CPU
		{7261F5BB-60A0-4969-94F1-3F4F8C61DA53}.ExportRelease|x64.Build.0 = ExportRelease|Any CPU
		{7261F5BB-60A0-4969-94F1-3F4F8C61DA53}.ExportRelease|x86.ActiveCfg = ExportRelease|Any CPU
		{7261F5BB-60A0-4969-94F1-3F4F8C61DA53}.ExportRelease|x86.Build.0 = ExportRelease|Any CPU
		{7261F5BB-60A0-4969-94F1-3F4F8C61DA53}.Release|Any CPU.ActiveCfg = Release|Any CPU
		{7261F5BB-60A0-4969-94F1-3F4F8C61DA53}.Release|Any CPU.Build.0 = Release|Any CPU
		{7261F5BB-60A0-4969-94F1-3F4F8C61DA53}.Release|x64.ActiveCfg = Release|Any CPU
		{7261F5BB-60A0-4969-94F1-3F4F8C61DA53}.Release|x64.Build.0 = Release|Any CPU
		{7261F5BB-60A0-4969-94F1-3F4F8C61DA53}.Release|x86.ActiveCfg = Release|Any CPU
		{7261F5BB-60A0-4969-94F1-3F4F8C61DA53}.Release|x86.Build.0 = Release|Any CPU
		{233E93EB-DF5E-405C-8156-4111EE1C55E1}.Debug|Any CPU.ActiveCfg = Debug|Any CPU
		{233E93EB-DF5E-405C-8156-4111EE1C55E1}.Debug|Any CPU.Build.0 = Debug|Any CPU
		{233E93EB-DF5E-405C-8156-4111EE1C55E1}.Debug|x64.ActiveCfg = Debug|Any CPU
		{233E93EB-DF5E-405C-8156-4111EE1C55E1}.Debug|x64.Build.0 = Debug|Any CPU
		{233E93EB-DF5E-405C-8156-4111EE1C55E1}.Debug|x86.ActiveCfg = Debug|Any CPU
		{233E93EB-DF5E-405C-8156-4111EE1C55E1}.Debug|x86.Build.0 = Debug|Any CPU
		{233E93EB-DF5E-405C-8156-4111EE1C55E1}.ExportDebug|Any CPU.ActiveCfg = Debug|Any CPU
		{233E93EB-DF5E-405C-8156-4111EE1C55E1}.ExportDebug|Any CPU.Build.0 = Debug|Any CPU
		{233E93EB-DF5E-405C-8156-4111EE1C55E1}.ExportDebug|x64.ActiveCfg = Debug|Any CPU
		{233E93EB-DF5E-405C-8156-4111EE1C55E1}.ExportDebug|x64.Build.0 = Debug|Any CPU
		{233E93EB-DF5E-405C-8156-4111EE1C55E1}.ExportDebug|x86.ActiveCfg = Debug|Any CPU
		{233E93EB-DF5E-405C-8156-4111EE1C55E1}.ExportDebug|x86.Build.0 = Debug|Any CPU
		{233E93EB-DF5E-405C-8156-4111EE1C55E1}.ExportRelease|Any CPU.ActiveCfg = Debug|Any CPU
		{233E93EB-DF5E-405C-8156-4111EE1C55E1}.ExportRelease|Any CPU.Build.0 = Debug|Any CPU
		{233E93EB-DF5E-405C-8156-4111EE1C55E1}.ExportRelease|x64.ActiveCfg = Debug|Any CPU
		{233E93EB-DF5E-405C-8156-4111EE1C55E1}.ExportRelease|x64.Build.0 = Debug|Any CPU
		{233E93EB-DF5E-405C-8156-4111EE1C55E1}.ExportRelease|x86.ActiveCfg = Debug|Any CPU
		{233E93EB-DF5E-405C-8156-4111EE1C55E1}.ExportRelease|x86.Build.0 = Debug|Any CPU
		{233E93EB-DF5E-405C-8156-4111EE1C55E1}.Release|Any CPU.ActiveCfg = Release|Any CPU
		{233E93EB-DF5E-405C-8156-4111EE1C55E1}.Release|Any CPU.Build.0 = Release|Any CPU
		{233E93EB-DF5E-405C-8156-4111EE1C55E1}.Release|x64.ActiveCfg = Release|Any CPU
		{233E93EB-DF5E-405C-8156-4111EE1C55E1}.Release|x64.Build.0 = Release|Any CPU
		{233E93EB-DF5E-405C-8156-4111EE1C55E1}.Release|x86.ActiveCfg = Release|Any CPU
		{233E93EB-DF5E-405C-8156-4111EE1C55E1}.Release|x86.Build.0 = Release|Any CPU
		{F468D2F1-9C9C-4048-B514-C8987BE66141}.Debug|Any CPU.ActiveCfg = Debug|Any CPU
		{F468D2F1-9C9C-4048-B514-C8987BE66141}.Debug|Any CPU.Build.0 = Debug|Any CPU
		{F468D2F1-9C9C-4048-B514-C8987BE66141}.Debug|x64.ActiveCfg = Debug|Any CPU
		{F468D2F1-9C9C-4048-B514-C8987BE66141}.Debug|x64.Build.0 = Debug|Any CPU
		{F468D2F1-9C9C-4048-B514-C8987BE66141}.Debug|x86.ActiveCfg = Debug|Any CPU
		{F468D2F1-9C9C-4048-B514-C8987BE66141}.Debug|x86.Build.0 = Debug|Any CPU
		{F468D2F1-9C9C-4048-B514-C8987BE66141}.ExportDebug|Any CPU.ActiveCfg = Debug|Any CPU
		{F468D2F1-9C9C-4048-B514-C8987BE66141}.ExportDebug|Any CPU.Build.0 = Debug|Any CPU
		{F468D2F1-9C9C-4048-B514-C8987BE66141}.ExportDebug|x64.ActiveCfg = Debug|Any CPU
		{F468D2F1-9C9C-4048-B514-C8987BE66141}.ExportDebug|x64.Build.0 = Debug|Any CPU
		{F468D2F1-9C9C-4048-B514-C8987BE66141}.ExportDebug|x86.ActiveCfg = Debug|Any CPU
		{F468D2F1-9C9C-4048-B514-C8987BE66141}.ExportDebug|x86.Build.0 = Debug|Any CPU
		{F468D2F1-9C9C-4048-B514-C8987BE66141}.ExportRelease|Any CPU.ActiveCfg = Debug|Any CPU
		{F468D2F1-9C9C-4048-B514-C8987BE66141}.ExportRelease|Any CPU.Build.0 = Debug|Any CPU
		{F468D2F1-9C9C-4048-B514-C8987BE66141}.ExportRelease|x64.ActiveCfg = Debug|Any CPU
		{F468D2F1-9C9C-4048-B514-C8987BE66141}.ExportRelease|x64.Build.0 = Debug|Any CPU
		{F468D2F1-9C9C-4048-B514-C8987BE66141}.ExportRelease|x86.ActiveCfg = Debug|Any CPU
		{F468D2F1-9C9C-4048-B514-C8987BE66141}.ExportRelease|x86.Build.0 = Debug|Any CPU
		{F468D2F1-9C9C-4048-B514-C8987BE66141}.Release|Any CPU.ActiveCfg = Release|Any CPU
		{F468D2F1-9C9C-4048-B514-C8987BE66141}.Release|Any CPU.Build.0 = Release|Any CPU
		{F468D2F1-9C9C-4048-B514-C8987BE66141}.Release|x64.ActiveCfg = Release|Any CPU
		{F468D2F1-9C9C-4048-B514-C8987BE66141}.Release|x64.Build.0 = Release|Any CPU
		{F468D2F1-9C9C-4048-B514-C8987BE66141}.Release|x86.ActiveCfg = Release|Any CPU
		{F468D2F1-9C9C-4048-B514-C8987BE66141}.Release|x86.Build.0 = Release|Any CPU
		{F6544B95-87D6-49E4-85DA-51EA3D595F86}.Debug|Any CPU.ActiveCfg = Debug|Any CPU
		{F6544B95-87D6-49E4-85DA-51EA3D595F86}.Debug|Any CPU.Build.0 = Debug|Any CPU
		{F6544B95-87D6-49E4-85DA-51EA3D595F86}.Debug|x64.ActiveCfg = Debug|Any CPU
		{F6544B95-87D6-49E4-85DA-51EA3D595F86}.Debug|x64.Build.0 = Debug|Any CPU
		{F6544B95-87D6-49E4-85DA-51EA3D595F86}.Debug|x86.ActiveCfg = Debug|Any CPU
		{F6544B95-87D6-49E4-85DA-51EA3D595F86}.Debug|x86.Build.0 = Debug|Any CPU
		{F6544B95-87D6-49E4-85DA-51EA3D595F86}.ExportDebug|Any CPU.ActiveCfg = Debug|Any CPU
		{F6544B95-87D6-49E4-85DA-51EA3D595F86}.ExportDebug|Any CPU.Build.0 = Debug|Any CPU
		{F6544B95-87D6-49E4-85DA-51EA3D595F86}.ExportDebug|x64.ActiveCfg = Debug|Any CPU
		{F6544B95-87D6-49E4-85DA-51EA3D595F86}.ExportDebug|x64.Build.0 = Debug|Any CPU
		{F6544B95-87D6-49E4-85DA-51EA3D595F86}.ExportDebug|x86.ActiveCfg = Debug|Any CPU
		{F6544B95-87D6-49E4-85DA-51EA3D595F86}.ExportDebug|x86.Build.0 = Debug|Any CPU
		{F6544B95-87D6-49E4-85DA-51EA3D595F86}.ExportRelease|Any CPU.ActiveCfg = Debug|Any CPU
		{F6544B95-87D6-49E4-85DA-51EA3D595F86}.ExportRelease|Any CPU.Build.0 = Debug|Any CPU
		{F6544B95-87D6-49E4-85DA-51EA3D595F86}.ExportRelease|x64.ActiveCfg = Debug|Any CPU
		{F6544B95-87D6-49E4-85DA-51EA3D595F86}.ExportRelease|x64.Build.0 = Debug|Any CPU
		{F6544B95-87D6-49E4-85DA-51EA3D595F86}.ExportRelease|x86.ActiveCfg = Debug|Any CPU
		{F6544B95-87D6-49E4-85DA-51EA3D595F86}.ExportRelease|x86.Build.0 = Debug|Any CPU
		{F6544B95-87D6-49E4-85DA-51EA3D595F86}.Release|Any CPU.ActiveCfg = Release|Any CPU
		{F6544B95-87D6-49E4-85DA-51EA3D595F86}.Release|Any CPU.Build.0 = Release|Any CPU
		{F6544B95-87D6-49E4-85DA-51EA3D595F86}.Release|x64.ActiveCfg = Release|Any CPU
		{F6544B95-87D6-49E4-85DA-51EA3D595F86}.Release|x64.Build.0 = Release|Any CPU
		{F6544B95-87D6-49E4-85DA-51EA3D595F86}.Release|x86.ActiveCfg = Release|Any CPU
		{F6544B95-87D6-49E4-85DA-51EA3D595F86}.Release|x86.Build.0 = Release|Any CPU
		{CC0917BE-6C5A-491F-8A18-0DEB6AD66D88}.Debug|Any CPU.ActiveCfg = Debug|Any CPU
		{CC0917BE-6C5A-491F-8A18-0DEB6AD66D88}.Debug|Any CPU.Build.0 = Debug|Any CPU
		{CC0917BE-6C5A-491F-8A18-0DEB6AD66D88}.Debug|x64.ActiveCfg = Debug|Any CPU
		{CC0917BE-6C5A-491F-8A18-0DEB6AD66D88}.Debug|x64.Build.0 = Debug|Any CPU
		{CC0917BE-6C5A-491F-8A18-0DEB6AD66D88}.Debug|x86.ActiveCfg = Debug|Any CPU
		{CC0917BE-6C5A-491F-8A18-0DEB6AD66D88}.Debug|x86.Build.0 = Debug|Any CPU
		{CC0917BE-6C5A-491F-8A18-0DEB6AD66D88}.ExportDebug|Any CPU.ActiveCfg = Debug|Any CPU
		{CC0917BE-6C5A-491F-8A18-0DEB6AD66D88}.ExportDebug|Any CPU.Build.0 = Debug|Any CPU
		{CC0917BE-6C5A-491F-8A18-0DEB6AD66D88}.ExportDebug|x64.ActiveCfg = Debug|Any CPU
		{CC0917BE-6C5A-491F-8A18-0DEB6AD66D88}.ExportDebug|x64.Build.0 = Debug|Any CPU
		{CC0917BE-6C5A-491F-8A18-0DEB6AD66D88}.ExportDebug|x86.ActiveCfg = Debug|Any CPU
		{CC0917BE-6C5A-491F-8A18-0DEB6AD66D88}.ExportDebug|x86.Build.0 = Debug|Any CPU
		{CC0917BE-6C5A-491F-8A18-0DEB6AD66D88}.ExportRelease|Any CPU.ActiveCfg = Debug|Any CPU
		{CC0917BE-6C5A-491F-8A18-0DEB6AD66D88}.ExportRelease|Any CPU.Build.0 = Debug|Any CPU
		{CC0917BE-6C5A-491F-8A18-0DEB6AD66D88}.ExportRelease|x64.ActiveCfg = Debug|Any CPU
		{CC0917BE-6C5A-491F-8A18-0DEB6AD66D88}.ExportRelease|x64.Build.0 = Debug|Any CPU
		{CC0917BE-6C5A-491F-8A18-0DEB6AD66D88}.ExportRelease|x86.ActiveCfg = Debug|Any CPU
		{CC0917BE-6C5A-491F-8A18-0DEB6AD66D88}.ExportRelease|x86.Build.0 = Debug|Any CPU
		{CC0917BE-6C5A-491F-8A18-0DEB6AD66D88}.Release|Any CPU.ActiveCfg = Release|Any CPU
		{CC0917BE-6C5A-491F-8A18-0DEB6AD66D88}.Release|Any CPU.Build.0 = Release|Any CPU
		{CC0917BE-6C5A-491F-8A18-0DEB6AD66D88}.Release|x64.ActiveCfg = Release|Any CPU
		{CC0917BE-6C5A-491F-8A18-0DEB6AD66D88}.Release|x64.Build.0 = Release|Any CPU
		{CC0917BE-6C5A-491F-8A18-0DEB6AD66D88}.Release|x86.ActiveCfg = Release|Any CPU
		{CC0917BE-6C5A-491F-8A18-0DEB6AD66D88}.Release|x86.Build.0 = Release|Any CPU
		{0795CED4-6652-4512-A96C-D547E862AF9D}.Debug|Any CPU.ActiveCfg = Debug|Any CPU
		{0795CED4-6652-4512-A96C-D547E862AF9D}.Debug|Any CPU.Build.0 = Debug|Any CPU
		{0795CED4-6652-4512-A96C-D547E862AF9D}.Debug|x64.ActiveCfg = Debug|Any CPU
		{0795CED4-6652-4512-A96C-D547E862AF9D}.Debug|x64.Build.0 = Debug|Any CPU
		{0795CED4-6652-4512-A96C-D547E862AF9D}.Debug|x86.ActiveCfg = Debug|Any CPU
		{0795CED4-6652-4512-A96C-D547E862AF9D}.Debug|x86.Build.0 = Debug|Any CPU
		{0795CED4-6652-4512-A96C-D547E862AF9D}.ExportDebug|Any CPU.ActiveCfg = Debug|Any CPU
		{0795CED4-6652-4512-A96C-D547E862AF9D}.ExportDebug|Any CPU.Build.0 = Debug|Any CPU
		{0795CED4-6652-4512-A96C-D547E862AF9D}.ExportDebug|x64.ActiveCfg = Debug|Any CPU
		{0795CED4-6652-4512-A96C-D547E862AF9D}.ExportDebug|x64.Build.0 = Debug|Any CPU
		{0795CED4-6652-4512-A96C-D547E862AF9D}.ExportDebug|x86.ActiveCfg = Debug|Any CPU
		{0795CED4-6652-4512-A96C-D547E862AF9D}.ExportDebug|x86.Build.0 = Debug|Any CPU
		{0795CED4-6652-4512-A96C-D547E862AF9D}.ExportRelease|Any CPU.ActiveCfg = Debug|Any CPU
		{0795CED4-6652-4512-A96C-D547E862AF9D}.ExportRelease|Any CPU.Build.0 = Debug|Any CPU
		{0795CED4-6652-4512-A96C-D547E862AF9D}.ExportRelease|x64.ActiveCfg = Debug|Any CPU
		{0795CED4-6652-4512-A96C-D547E862AF9D}.ExportRelease|x64.Build.0 = Debug|Any CPU
		{0795CED4-6652-4512-A96C-D547E862AF9D}.ExportRelease|x86.ActiveCfg = Debug|Any CPU
		{0795CED4-6652-4512-A96C-D547E862AF9D}.ExportRelease|x86.Build.0 = Debug|Any CPU
		{0795CED4-6652-4512-A96C-D547E862AF9D}.Release|Any CPU.ActiveCfg = Release|Any CPU
		{0795CED4-6652-4512-A96C-D547E862AF9D}.Release|Any CPU.Build.0 = Release|Any CPU
		{0795CED4-6652-4512-A96C-D547E862AF9D}.Release|x64.ActiveCfg = Release|Any CPU
		{0795CED4-6652-4512-A96C-D547E862AF9D}.Release|x64.Build.0 = Release|Any CPU
		{0795CED4-6652-4512-A96C-D547E862AF9D}.Release|x86.ActiveCfg = Release|Any CPU
		{0795CED4-6652-4512-A96C-D547E862AF9D}.Release|x86.Build.0 = Release|Any CPU
	EndGlobalSection
	GlobalSection(SolutionProperties) = preSolution
		HideSolutionNode = FALSE
	EndGlobalSection
	GlobalSection(NestedProjects) = preSolution
		{233E93EB-DF5E-405C-8156-4111EE1C55E1} = {02EA681E-C7D8-13C7-8484-4AC65E1B71E8}
		{F468D2F1-9C9C-4048-B514-C8987BE66141} = {9CE9E7FA-E6A0-492B-90FC-4298BBC61152}
		{F6544B95-87D6-49E4-85DA-51EA3D595F86} = {E1FF77BA-849C-4E93-BBC9-9DC977D7055A}
		{CC0917BE-6C5A-491F-8A18-0DEB6AD66D88} = {E1FF77BA-849C-4E93-BBC9-9DC977D7055A}
		{0795CED4-6652-4512-A96C-D547E862AF9D} = {5F4E5EFA-7CF9-4EBD-8C5E-F1558CF6966F}
		{02EA681E-C7D8-13C7-8484-4AC65E1B71E8} = {C4AD9936-F0DF-1090-6077-3D4A6324E662}
		{5F4E5EFA-7CF9-4EBD-8C5E-F1558CF6966F} = {C4AD9936-F0DF-1090-6077-3D4A6324E662}
		{E1FF77BA-849C-4E93-BBC9-9DC977D7055A} = {C4AD9936-F0DF-1090-6077-3D4A6324E662}
		{9CE9E7FA-E6A0-492B-90FC-4298BBC61152} = {C4AD9936-F0DF-1090-6077-3D4A6324E662}
	EndGlobalSection
	GlobalSection(ExtensibilityGlobals) = postSolution
		SolutionGuid = {C6260DF6-9E37-4571-B10A-459BAC9A84E4}
	EndGlobalSection
EndGlobal
